
Microsoft Visual Studio Solution File, Format Version 12.00
# Visual Studio Version 17
VisualStudioVersion = 17.14.36109.1 d17.14
MinimumVisualStudioVersion = 10.0.40219.1
Project("{FAE04EC0-301F-11D3-BF4B-00C04F79EFBC}") = "Mashawer.Api", "Mashawer.Api\Mashawer.Api.csproj", "{CD789CD4-E2E2-4745-9031-747A7B2D6E3D}"
EndProject
Project("{FAE04EC0-301F-11D3-BF4B-00C04F79EFBC}") = "Mashawer.Data", "Mashawer.Data\Mashawer.Data.csproj", "{F86EF66C-EE6A-4A39-B4A9-CF3711E0A60D}"
EndProject
Project("{FAE04EC0-301F-11D3-BF4B-00C04F79EFBC}") = "Mashawer.Core", "Mashawer.Core\Mashawer.Core.csproj", "{EB063F36-AEB9-4087-A3CB-5068B5947F1C}"
EndProject
Project("{FAE04EC0-301F-11D3-BF4B-00C04F79EFBC}") = "Mashawer.Service", "Mashawer.Service\Mashawer.Service.csproj", "{6E1AA366-A8DD-4ADB-A5D9-355AE528A59B}"
EndProject
Project("{FAE04EC0-301F-11D3-BF4B-00C04F79EFBC}") = "Mashawer.EF", "Mashawer.EF\Mashawer.EF.csproj", "{43496B8E-EFC3-40C4-9369-C5404CE6E424}"
EndProject
Global
	GlobalSection(SolutionConfigurationPlatforms) = preSolution
		Debug|Any CPU = Debug|Any CPU
		Release|Any CPU = Release|Any CPU
	EndGlobalSection
	GlobalSection(ProjectConfigurationPlatforms) = postSolution
		{CD789CD4-E2E2-4745-9031-747A7B2D6E3D}.Debug|Any CPU.ActiveCfg = Debug|Any CPU
		{CD789CD4-E2E2-4745-9031-747A7B2D6E3D}.Debug|Any CPU.Build.0 = Debug|Any CPU
		{CD789CD4-E2E2-4745-9031-747A7B2D6E3D}.Release|Any CPU.ActiveCfg = Release|Any CPU
		{CD789CD4-E2E2-4745-9031-747A7B2D6E3D}.Release|Any CPU.Build.0 = Release|Any CPU
		{F86EF66C-EE6A-4A39-B4A9-CF3711E0A60D}.Debug|Any CPU.ActiveCfg = Debug|Any CPU
		{F86EF66C-EE6A-4A39-B4A9-CF3711E0A60D}.Debug|Any CPU.Build.0 = Debug|Any CPU
		{F86EF66C-EE6A-4A39-B4A9-CF3711E0A60D}.Release|Any CPU.ActiveCfg = Release|Any CPU
		{F86EF66C-EE6A-4A39-B4A9-CF3711E0A60D}.Release|Any CPU.Build.0 = Release|Any CPU
		{EB063F36-AEB9-4087-A3CB-5068B5947F1C}.Debug|Any CPU.ActiveCfg = Debug|Any CPU
		{EB063F36-AEB9-4087-A3CB-5068B5947F1C}.Debug|Any CPU.Build.0 = Debug|Any CPU
		{EB063F36-AEB9-4087-A3CB-5068B5947F1C}.Release|Any CPU.ActiveCfg = Release|Any CPU
		{EB063F36-AEB9-4087-A3CB-5068B5947F1C}.Release|Any CPU.Build.0 = Release|Any CPU
		{6E1AA366-A8DD-4ADB-A5D9-355AE528A59B}.Debug|Any CPU.ActiveCfg = Debug|Any CPU
		{6E1AA366-A8DD-4ADB-A5D9-355AE528A59B}.Debug|Any CPU.Build.0 = Debug|Any CPU
		{6E1AA366-A8DD-4ADB-A5D9-355AE528A59B}.Release|Any CPU.ActiveCfg = Release|Any CPU
		{6E1AA366-A8DD-4ADB-A5D9-355AE528A59B}.Release|Any CPU.Build.0 = Release|Any CPU
		{43496B8E-EFC3-40C4-9369-C5404CE6E424}.Debug|Any CPU.ActiveCfg = Debug|Any CPU
		{43496B8E-EFC3-40C4-9369-C5404CE6E424}.Debug|Any CPU.Build.0 = Debug|Any CPU
		{43496B8E-EFC3-40C4-9369-C5404CE6E424}.Release|Any CPU.ActiveCfg = Release|Any CPU
		{43496B8E-EFC3-40C4-9369-C5404CE6E424}.Release|Any CPU.Build.0 = Release|Any CPU
	EndGlobalSection
	GlobalSection(SolutionProperties) = preSolution
		HideSolutionNode = FALSE
	EndGlobalSection
	GlobalSection(ExtensibilityGlobals) = postSolution
		SolutionGuid = {BB710F42-463F-4EA1-91DB-3DEC86FE8850}
	EndGlobalSection
EndGlobal
